// !$*UTF8*$!
{
	archiveVersion = 1;
	classes = {
	};
	objectVersion = 50;
	objects = {

/* Begin PBXBuildFile section */
		DC5B65BD25AB7FD1007C16FF /* EnvironmentorApp.swift in Sources */ = {isa = PBXBuildFile; fileRef = DC5B65AA25AB7FCD007C16FF /* EnvironmentorApp.swift */; };
		DC5B65BE25AB7FD1007C16FF /* EnvironmentorApp.swift in Sources */ = {isa = PBXBuildFile; fileRef = DC5B65AA25AB7FCD007C16FF /* EnvironmentorApp.swift */; };
		DC5B65C125AB7FD1007C16FF /* Assets.xcassets in Resources */ = {isa = PBXBuildFile; fileRef = DC5B65AC25AB7FD1007C16FF /* Assets.xcassets */; };
		DC5B65C225AB7FD1007C16FF /* Assets.xcassets in Resources */ = {isa = PBXBuildFile; fileRef = DC5B65AC25AB7FD1007C16FF /* Assets.xcassets */; };
		DC67F19A25AF95250038707C /* BasicViewModel.swift in Sources */ = {isa = PBXBuildFile; fileRef = DC67F19925AF95250038707C /* BasicViewModel.swift */; };
		DC67F19B25AF95250038707C /* BasicViewModel.swift in Sources */ = {isa = PBXBuildFile; fileRef = DC67F19925AF95250038707C /* BasicViewModel.swift */; };
		DC67F19F25AF95440038707C /* Weather.swift in Sources */ = {isa = PBXBuildFile; fileRef = DC67F19E25AF95440038707C /* Weather.swift */; };
		DC67F1A025AF95440038707C /* Weather.swift in Sources */ = {isa = PBXBuildFile; fileRef = DC67F19E25AF95440038707C /* Weather.swift */; };
		DC67F1AB25AF96C90038707C /* Webservice.swift in Sources */ = {isa = PBXBuildFile; fileRef = DC67F1AA25AF96C90038707C /* Webservice.swift */; };
		DC67F1AC25AF96C90038707C /* Webservice.swift in Sources */ = {isa = PBXBuildFile; fileRef = DC67F1AA25AF96C90038707C /* Webservice.swift */; };
		DC97DD3925AF8FA50033689C /* ContentView.swift in Sources */ = {isa = PBXBuildFile; fileRef = DC97DD3825AF8FA50033689C /* ContentView.swift */; };
		DC97DD3A25AF8FA50033689C /* ContentView.swift in Sources */ = {isa = PBXBuildFile; fileRef = DC97DD3825AF8FA50033689C /* ContentView.swift */; };
/* End PBXBuildFile section */

/* Begin PBXFileReference section */
		DC5B65AA25AB7FCD007C16FF /* EnvironmentorApp.swift */ = {isa = PBXFileReference; lastKnownFileType = sourcecode.swift; path = EnvironmentorApp.swift; sourceTree = "<group>"; };
		DC5B65AC25AB7FD1007C16FF /* Assets.xcassets */ = {isa = PBXFileReference; lastKnownFileType = folder.assetcatalog; path = Assets.xcassets; sourceTree = "<group>"; };
		DC5B65B125AB7FD1007C16FF /* Environmentor.app */ = {isa = PBXFileReference; explicitFileType = wrapper.application; includeInIndex = 0; path = Environmentor.app; sourceTree = BUILT_PRODUCTS_DIR; };
		DC5B65B425AB7FD1007C16FF /* Info.plist */ = {isa = PBXFileReference; lastKnownFileType = text.plist.xml; path = Info.plist; sourceTree = "<group>"; };
		DC5B65B925AB7FD1007C16FF /* Environmentor.app */ = {isa = PBXFileReference; explicitFileType = wrapper.application; includeInIndex = 0; path = Environmentor.app; sourceTree = BUILT_PRODUCTS_DIR; };
		DC5B65BB25AB7FD1007C16FF /* Info.plist */ = {isa = PBXFileReference; lastKnownFileType = text.plist.xml; path = Info.plist; sourceTree = "<group>"; };
		DC5B65BC25AB7FD1007C16FF /* macOS.entitlements */ = {isa = PBXFileReference; lastKnownFileType = text.plist.entitlements; path = macOS.entitlements; sourceTree = "<group>"; };
		DC67F19925AF95250038707C /* BasicViewModel.swift */ = {isa = PBXFileReference; fileEncoding = 4; lastKnownFileType = sourcecode.swift; path = BasicViewModel.swift; sourceTree = "<group>"; };
		DC67F19E25AF95440038707C /* Weather.swift */ = {isa = PBXFileReference; fileEncoding = 4; lastKnownFileType = sourcecode.swift; path = Weather.swift; sourceTree = "<group>"; };
		DC67F1AA25AF96C90038707C /* Webservice.swift */ = {isa = PBXFileReference; lastKnownFileType = sourcecode.swift; path = Webservice.swift; sourceTree = "<group>"; };
		DC97DD3825AF8FA50033689C /* ContentView.swift */ = {isa = PBXFileReference; lastKnownFileType = sourcecode.swift; path = ContentView.swift; sourceTree = "<group>"; };
/* End PBXFileReference section */

/* Begin PBXFrameworksBuildPhase section */
		DC5B65AE25AB7FD1007C16FF /* Frameworks */ = {
			isa = PBXFrameworksBuildPhase;
			buildActionMask = 2147483647;
			files = (
			);
			runOnlyForDeploymentPostprocessing = 0;
		};
		DC5B65B625AB7FD1007C16FF /* Frameworks */ = {
			isa = PBXFrameworksBuildPhase;
			buildActionMask = 2147483647;
			files = (
			);
			runOnlyForDeploymentPostprocessing = 0;
		};
/* End PBXFrameworksBuildPhase section */

/* Begin PBXGroup section */
		DC5B65A425AB7FCC007C16FF = {
			isa = PBXGroup;
			children = (
				DC5B65A925AB7FCD007C16FF /* Shared */,
				DC5B65B325AB7FD1007C16FF /* iOS */,
				DC5B65BA25AB7FD1007C16FF /* macOS */,
				DC5B65B225AB7FD1007C16FF /* Products */,
			);
			sourceTree = "<group>";
		};
		DC5B65A925AB7FCD007C16FF /* Shared */ = {
			isa = PBXGroup;
			children = (
				DC67F1AA25AF96C90038707C /* Webservice.swift */,
				DC67F19E25AF95440038707C /* Weather.swift */,
				DC97DD3825AF8FA50033689C /* ContentView.swift */,
				DC67F19925AF95250038707C /* BasicViewModel.swift */,
				DC5B65AA25AB7FCD007C16FF /* EnvironmentorApp.swift */,
				DC5B65AC25AB7FD1007C16FF /* Assets.xcassets */,
			);
			path = Shared;
			sourceTree = "<group>";
		};
		DC5B65B225AB7FD1007C16FF /* Products */ = {
			isa = PBXGroup;
			children = (
				DC5B65B125AB7FD1007C16FF /* Environmentor.app */,
				DC5B65B925AB7FD1007C16FF /* Environmentor.app */,
			);
			name = Products;
			sourceTree = "<group>";
		};
		DC5B65B325AB7FD1007C16FF /* iOS */ = {
			isa = PBXGroup;
			children = (
				DC5B65B425AB7FD1007C16FF /* Info.plist */,
			);
			path = iOS;
			sourceTree = "<group>";
		};
		DC5B65BA25AB7FD1007C16FF /* macOS */ = {
			isa = PBXGroup;
			children = (
				DC5B65BB25AB7FD1007C16FF /* Info.plist */,
				DC5B65BC25AB7FD1007C16FF /* macOS.entitlements */,
			);
			path = macOS;
			sourceTree = "<group>";
		};
/* End PBXGroup section */

/* Begin PBXNativeTarget section */
		DC5B65B025AB7FD1007C16FF /* Environmentor (iOS) */ = {
			isa = PBXNativeTarget;
			buildConfigurationList = DC5B65C525AB7FD1007C16FF /* Build configuration list for PBXNativeTarget "Environmentor (iOS)" */;
			buildPhases = (
				DC5B65AD25AB7FD1007C16FF /* Sources */,
				DC5B65AE25AB7FD1007C16FF /* Frameworks */,
				DC5B65AF25AB7FD1007C16FF /* Resources */,
			);
			buildRules = (
			);
			dependencies = (
			);
			name = "Environmentor (iOS)";
			productName = "Environmentor (iOS)";
			productReference = DC5B65B125AB7FD1007C16FF /* Environmentor.app */;
			productType = "com.apple.product-type.application";
		};
		DC5B65B825AB7FD1007C16FF /* Environmentor (macOS) */ = {
			isa = PBXNativeTarget;
			buildConfigurationList = DC5B65C825AB7FD1007C16FF /* Build configuration list for PBXNativeTarget "Environmentor (macOS)" */;
			buildPhases = (
				DC5B65B525AB7FD1007C16FF /* Sources */,
				DC5B65B625AB7FD1007C16FF /* Frameworks */,
				DC5B65B725AB7FD1007C16FF /* Resources */,
			);
			buildRules = (
			);
			dependencies = (
			);
			name = "Environmentor (macOS)";
			productName = "Environmentor (macOS)";
			productReference = DC5B65B925AB7FD1007C16FF /* Environmentor.app */;
			productType = "com.apple.product-type.application";
		};
/* End PBXNativeTarget section */

/* Begin PBXProject section */
		DC5B65A525AB7FCD007C16FF /* Project object */ = {
			isa = PBXProject;
			attributes = {
				LastSwiftUpdateCheck = 1230;
				LastUpgradeCheck = 1230;
				TargetAttributes = {
					DC5B65B025AB7FD1007C16FF = {
						CreatedOnToolsVersion = 12.3;
					};
					DC5B65B825AB7FD1007C16FF = {
						CreatedOnToolsVersion = 12.3;
					};
				};
			};
			buildConfigurationList = DC5B65A825AB7FCD007C16FF /* Build configuration list for PBXProject "Environmentor" */;
			compatibilityVersion = "Xcode 9.3";
			developmentRegion = en;
			hasScannedForEncodings = 0;
			knownRegions = (
				en,
				Base,
			);
			mainGroup = DC5B65A425AB7FCC007C16FF;
			productRefGroup = DC5B65B225AB7FD1007C16FF /* Products */;
			projectDirPath = "";
			projectRoot = "";
			targets = (
				DC5B65B025AB7FD1007C16FF /* Environmentor (iOS) */,
				DC5B65B825AB7FD1007C16FF /* Environmentor (macOS) */,
			);
		};
/* End PBXProject section */

/* Begin PBXResourcesBuildPhase section */
		DC5B65AF25AB7FD1007C16FF /* Resources */ = {
			isa = PBXResourcesBuildPhase;
			buildActionMask = 2147483647;
			files = (
				DC5B65C125AB7FD1007C16FF /* Assets.xcassets in Resources */,
			);
			runOnlyForDeploymentPostprocessing = 0;
		};
		DC5B65B725AB7FD1007C16FF /* Resources */ = {
			isa = PBXResourcesBuildPhase;
			buildActionMask = 2147483647;
			files = (
				DC5B65C225AB7FD1007C16FF /* Assets.xcassets in Resources */,
			);
			runOnlyForDeploymentPostprocessing = 0;
		};
/* End PBXResourcesBuildPhase section */

/* Begin PBXSourcesBuildPhase section */
		DC5B65AD25AB7FD1007C16FF /* Sources */ = {
			isa = PBXSourcesBuildPhase;
			buildActionMask = 2147483647;
			files = (
				DC67F19F25AF95440038707C /* Weather.swift in Sources */,
				DC67F19A25AF95250038707C /* BasicViewModel.swift in Sources */,
				DC97DD3A25AF8FA50033689C /* ContentView.swift in Sources */,
				DC67F1AC25AF96C90038707C /* Webservice.swift in Sources */,
				DC5B65BD25AB7FD1007C16FF /* EnvironmentorApp.swift in Sources */,
			);
			runOnlyForDeploymentPostprocessing = 0;
		};
		DC5B65B525AB7FD1007C16FF /* Sources */ = {
			isa = PBXSourcesBuildPhase;
			buildActionMask = 2147483647;
			files = (
				DC67F1A025AF95440038707C /* Weather.swift in Sources */,
				DC67F19B25AF95250038707C /* BasicViewModel.swift in Sources */,
				DC97DD3925AF8FA50033689C /* ContentView.swift in Sources */,
				DC67F1AB25AF96C90038707C /* Webservice.swift in Sources */,
				DC5B65BE25AB7FD1007C16FF /* EnvironmentorApp.swift in Sources */,
			);
			runOnlyForDeploymentPostprocessing = 0;
		};
/* End PBXSourcesBuildPhase section */

/* Begin XCBuildConfiguration section */
		DC5B65C325AB7FD1007C16FF /* Debug */ = {
			isa = XCBuildConfiguration;
			buildSettings = {
				ALWAYS_SEARCH_USER_PATHS = NO;
				CLANG_ANALYZER_NONNULL = YES;
				CLANG_ANALYZER_NUMBER_OBJECT_CONVERSION = YES_AGGRESSIVE;
				CLANG_CXX_LANGUAGE_STANDARD = "gnu++14";
				CLANG_CXX_LIBRARY = "libc++";
				CLANG_ENABLE_MODULES = YES;
				CLANG_ENABLE_OBJC_ARC = YES;
				CLANG_ENABLE_OBJC_WEAK = YES;
				CLANG_WARN_BLOCK_CAPTURE_AUTORELEASING = YES;
				CLANG_WARN_BOOL_CONVERSION = YES;
				CLANG_WARN_COMMA = YES;
				CLANG_WARN_CONSTANT_CONVERSION = YES;
				CLANG_WARN_DEPRECATED_OBJC_IMPLEMENTATIONS = YES;
				CLANG_WARN_DIRECT_OBJC_ISA_USAGE = YES_ERROR;
				CLANG_WARN_DOCUMENTATION_COMMENTS = YES;
				CLANG_WARN_EMPTY_BODY = YES;
				CLANG_WARN_ENUM_CONVERSION = YES;
				CLANG_WARN_INFINITE_RECURSION = YES;
				CLANG_WARN_INT_CONVERSION = YES;
				CLANG_WARN_NON_LITERAL_NULL_CONVERSION = YES;
				CLANG_WARN_OBJC_IMPLICIT_RETAIN_SELF = YES;
				CLANG_WARN_OBJC_LITERAL_CONVERSION = YES;
				CLANG_WARN_OBJC_ROOT_CLASS = YES_ERROR;
				CLANG_WARN_QUOTED_INCLUDE_IN_FRAMEWORK_HEADER = YES;
				CLANG_WARN_RANGE_LOOP_ANALYSIS = YES;
				CLANG_WARN_STRICT_PROTOTYPES = YES;
				CLANG_WARN_SUSPICIOUS_MOVE = YES;
				CLANG_WARN_UNGUARDED_AVAILABILITY = YES_AGGRESSIVE;
				CLANG_WARN_UNREACHABLE_CODE = YES;
				CLANG_WARN__DUPLICATE_METHOD_MATCH = YES;
				COPY_PHASE_STRIP = NO;
				DEBUG_INFORMATION_FORMAT = dwarf;
				ENABLE_STRICT_OBJC_MSGSEND = YES;
				ENABLE_TESTABILITY = YES;
				GCC_C_LANGUAGE_STANDARD = gnu11;
				GCC_DYNAMIC_NO_PIC = NO;
				GCC_NO_COMMON_BLOCKS = YES;
				GCC_OPTIMIZATION_LEVEL = 0;
				GCC_PREPROCESSOR_DEFINITIONS = (
					"DEBUG=1",
					"$(inherited)",
				);
				GCC_WARN_64_TO_32_BIT_CONVERSION = YES;
				GCC_WARN_ABOUT_RETURN_TYPE = YES_ERROR;
				GCC_WARN_UNDECLARED_SELECTOR = YES;
				GCC_WARN_UNINITIALIZED_AUTOS = YES_AGGRESSIVE;
				GCC_WARN_UNUSED_FUNCTION = YES;
				GCC_WARN_UNUSED_VARIABLE = YES;
				MTL_ENABLE_DEBUG_INFO = INCLUDE_SOURCE;
				MTL_FAST_MATH = YES;
				ONLY_ACTIVE_ARCH = YES;
				SWIFT_ACTIVE_COMPILATION_CONDITIONS = DEBUG;
				SWIFT_OPTIMIZATION_LEVEL = "-Onone";
			};
			name = Debug;
		};
		DC5B65C425AB7FD1007C16FF /* Release */ = {
			isa = XCBuildConfiguration;
			buildSettings = {
				ALWAYS_SEARCH_USER_PATHS = NO;
				CLANG_ANALYZER_NONNULL = YES;
				CLANG_ANALYZER_NUMBER_OBJECT_CONVERSION = YES_AGGRESSIVE;
				CLANG_CXX_LANGUAGE_STANDARD = "gnu++14";
				CLANG_CXX_LIBRARY = "libc++";
				CLANG_ENABLE_MODULES = YES;
				CLANG_ENABLE_OBJC_ARC = YES;
				CLANG_ENABLE_OBJC_WEAK = YES;
				CLANG_WARN_BLOCK_CAPTURE_AUTORELEASING = YES;
				CLANG_WARN_BOOL_CONVERSION = YES;
				CLANG_WARN_COMMA = YES;
				CLANG_WARN_CONSTANT_CONVERSION = YES;
				CLANG_WARN_DEPRECATED_OBJC_IMPLEMENTATIONS = YES;
				CLANG_WARN_DIRECT_OBJC_ISA_USAGE = YES_ERROR;
				CLANG_WARN_DOCUMENTATION_COMMENTS = YES;
				CLANG_WARN_EMPTY_BODY = YES;
				CLANG_WARN_ENUM_CONVERSION = YES;
				CLANG_WARN_INFINITE_RECURSION = YES;
				CLANG_WARN_INT_CONVERSION = YES;
				CLANG_WARN_NON_LITERAL_NULL_CONVERSION = YES;
				CLANG_WARN_OBJC_IMPLICIT_RETAIN_SELF = YES;
				CLANG_WARN_OBJC_LITERAL_CONVERSION = YES;
				CLANG_WARN_OBJC_ROOT_CLASS = YES_ERROR;
				CLANG_WARN_QUOTED_INCLUDE_IN_FRAMEWORK_HEADER = YES;
				CLANG_WARN_RANGE_LOOP_ANALYSIS = YES;
				CLANG_WARN_STRICT_PROTOTYPES = YES;
				CLANG_WARN_SUSPICIOUS_MOVE = YES;
				CLANG_WARN_UNGUARDED_AVAILABILITY = YES_AGGRESSIVE;
				CLANG_WARN_UNREACHABLE_CODE = YES;
				CLANG_WARN__DUPLICATE_METHOD_MATCH = YES;
				COPY_PHASE_STRIP = NO;
				DEBUG_INFORMATION_FORMAT = "dwarf-with-dsym";
				ENABLE_NS_ASSERTIONS = NO;
				ENABLE_STRICT_OBJC_MSGSEND = YES;
				GCC_C_LANGUAGE_STANDARD = gnu11;
				GCC_NO_COMMON_BLOCKS = YES;
				GCC_WARN_64_TO_32_BIT_CONVERSION = YES;
				GCC_WARN_ABOUT_RETURN_TYPE = YES_ERROR;
				GCC_WARN_UNDECLARED_SELECTOR = YES;
				GCC_WARN_UNINITIALIZED_AUTOS = YES_AGGRESSIVE;
				GCC_WARN_UNUSED_FUNCTION = YES;
				GCC_WARN_UNUSED_VARIABLE = YES;
				MTL_ENABLE_DEBUG_INFO = NO;
				MTL_FAST_MATH = YES;
				SWIFT_COMPILATION_MODE = wholemodule;
				SWIFT_OPTIMIZATION_LEVEL = "-O";
			};
			name = Release;
		};
		DC5B65C625AB7FD1007C16FF /* Debug */ = {
			isa = XCBuildConfiguration;
			buildSettings = {
				ASSETCATALOG_COMPILER_APPICON_NAME = AppIcon;
				ASSETCATALOG_COMPILER_GLOBAL_ACCENT_COLOR_NAME = AccentColor;
				CODE_SIGN_STYLE = Automatic;
				DEVELOPMENT_TEAM = 26839986X2;
				ENABLE_PREVIEWS = YES;
				INFOPLIST_FILE = iOS/Info.plist;
				IPHONEOS_DEPLOYMENT_TARGET = 14.0;
				LD_RUNPATH_SEARCH_PATHS = (
					"$(inherited)",
					"@executable_path/Frameworks",
				);
				PRODUCT_BUNDLE_IDENTIFIER = put.Environmentor;
				PRODUCT_NAME = Environmentor;
				SDKROOT = iphoneos;
				SWIFT_VERSION = 5.0;
				TARGETED_DEVICE_FAMILY = "1,2";
			};
			name = Debug;
		};
		DC5B65C725AB7FD1007C16FF /* Release */ = {
			isa = XCBuildConfiguration;
			buildSettings = {
				ASSETCATALOG_COMPILER_APPICON_NAME = AppIcon;
				ASSETCATALOG_COMPILER_GLOBAL_ACCENT_COLOR_NAME = AccentColor;
				CODE_SIGN_STYLE = Automatic;
				DEVELOPMENT_TEAM = 26839986X2;
				ENABLE_PREVIEWS = YES;
				INFOPLIST_FILE = iOS/Info.plist;
				IPHONEOS_DEPLOYMENT_TARGET = 14.0;
				LD_RUNPATH_SEARCH_PATHS = (
					"$(inherited)",
					"@executable_path/Frameworks",
				);
				PRODUCT_BUNDLE_IDENTIFIER = put.Environmentor;
				PRODUCT_NAME = Environmentor;
				SDKROOT = iphoneos;
				SWIFT_VERSION = 5.0;
				TARGETED_DEVICE_FAMILY = "1,2";
				VALIDATE_PRODUCT = YES;
			};
			name = Release;
		};
		DC5B65C925AB7FD1007C16FF /* Debug */ = {
			isa = XCBuildConfiguration;
			buildSettings = {
				ASSETCATALOG_COMPILER_APPICON_NAME = AppIcon;
				ASSETCATALOG_COMPILER_GLOBAL_ACCENT_COLOR_NAME = AccentColor;
				CODE_SIGN_ENTITLEMENTS = macOS/macOS.entitlements;
				CODE_SIGN_IDENTITY = "Apple Development";
				CODE_SIGN_STYLE = Automatic;
				COMBINE_HIDPI_IMAGES = YES;
				DEVELOPMENT_TEAM = 26839986X2;
				ENABLE_PREVIEWS = YES;
				INFOPLIST_FILE = macOS/Info.plist;
				LD_RUNPATH_SEARCH_PATHS = (
					"$(inherited)",
					"@executable_path/../Frameworks",
				);
				MACOSX_DEPLOYMENT_TARGET = 11.0;
				PRODUCT_BUNDLE_IDENTIFIER = put.Environmentor;
				PRODUCT_NAME = Environmentor;
				SDKROOT = macosx;
				SWIFT_VERSION = 5.0;
			};
			name = Debug;
		};
		DC5B65CA25AB7FD1007C16FF /* Release */ = {
			isa = XCBuildConfiguration;
			buildSettings = {
				ASSETCATALOG_COMPILER_APPICON_NAME = AppIcon;
				ASSETCATALOG_COMPILER_GLOBAL_ACCENT_COLOR_NAME = AccentColor;
				CODE_SIGN_ENTITLEMENTS = macOS/macOS.entitlements;
				CODE_SIGN_IDENTITY = "Apple Development";
				CODE_SIGN_STYLE = Automatic;
				COMBINE_HIDPI_IMAGES = YES;
				DEVELOPMENT_TEAM = 26839986X2;
				ENABLE_PREVIEWS = YES;
				INFOPLIST_FILE = macOS/Info.plist;
				LD_RUNPATH_SEARCH_PATHS = (
					"$(inherited)",
					"@executable_path/../Frameworks",
				);
				MACOSX_DEPLOYMENT_TARGET = 11.0;
				PRODUCT_BUNDLE_IDENTIFIER = put.Environmentor;
				PRODUCT_NAME = Environmentor;
				SDKROOT = macosx;
				SWIFT_VERSION = 5.0;
			};
			name = Release;
		};
/* End XCBuildConfiguration section */

/* Begin XCConfigurationList section */
		DC5B65A825AB7FCD007C16FF /* Build configuration list for PBXProject "Environmentor" */ = {
			isa = XCConfigurationList;
			buildConfigurations = (
				DC5B65C325AB7FD1007C16FF /* Debug */,
				DC5B65C425AB7FD1007C16FF /* Release */,
			);
			defaultConfigurationIsVisible = 0;
			defaultConfigurationName = Release;
		};
		DC5B65C525AB7FD1007C16FF /* Build configuration list for PBXNativeTarget "Environmentor (iOS)" */ = {
			isa = XCConfigurationList;
			buildConfigurations = (
				DC5B65C625AB7FD1007C16FF /* Debug */,
				DC5B65C725AB7FD1007C16FF /* Release */,
			);
			defaultConfigurationIsVisible = 0;
			defaultConfigurationName = Release;
		};
		DC5B65C825AB7FD1007C16FF /* Build configuration list for PBXNativeTarget "Environmentor (macOS)" */ = {
			isa = XCConfigurationList;
			buildConfigurations = (
				DC5B65C925AB7FD1007C16FF /* Debug */,
				DC5B65CA25AB7FD1007C16FF /* Release */,
			);
			defaultConfigurationIsVisible = 0;
			defaultConfigurationName = Release;
		};
/* End XCConfigurationList section */
	};
	rootObject = DC5B65A525AB7FCD007C16FF /* Project object */;
}
